// !$*UTF8*$!
{
	archiveVersion = 1;
	classes = {
	};
	objectVersion = 77;
	objects = {

/* Begin PBXBuildFile section */
		E1C8B2A42F604D7700367861 /* Assets.xcassets in Resources */ = {isa = PBXBuildFile; fileRef = E1C8B2A02F604D7700367861 /* Assets.xcassets */; };
		E1C8B2A52F604D7700367861 /* CleanArchitectureDemoAppApp.swift in Sources */ = {isa = PBXBuildFile; fileRef = E1C8B2A12F604D7700367861 /* CleanArchitectureDemoAppApp.swift */; };
		E1C8B2A62F604D7700367861 /* ShopView.swift in Sources */ = {isa = PBXBuildFile; fileRef = E1C8B2A22F604D7700367861 /* ShopView.swift */; };
		E1C8B2DF2F60575200367861 /* AppCoordinator.swift in Sources */ = {isa = PBXBuildFile; fileRef = E1C8B2DE2F60575200367861 /* AppCoordinator.swift */; };
		E1C8B2E12F60575D00367861 /* DependencyContainer.swift in Sources */ = {isa = PBXBuildFile; fileRef = E1C8B2E02F60575D00367861 /* DependencyContainer.swift */; };
		E1C8B48C2F66F9A800367861 /* AppTab.swift in Sources */ = {isa = PBXBuildFile; fileRef = E1C8B48B2F66F9A800367861 /* AppTab.swift */; };
		E1C8B48E2F66F9B400367861 /* RootTabView.swift in Sources */ = {isa = PBXBuildFile; fileRef = E1C8B48D2F66F9B400367861 /* RootTabView.swift */; };
		E1C8B4902F66F9C000367861 /* ShopCoordinatorView.swift in Sources */ = {isa = PBXBuildFile; fileRef = E1C8B48F2F66F9C000367861 /* ShopCoordinatorView.swift */; };
		E1C8B4922F66F9CF00367861 /* CartCoordinatorView.swift in Sources */ = {isa = PBXBuildFile; fileRef = E1C8B4912F66F9CF00367861 /* CartCoordinatorView.swift */; };
		E1C8B4962F66FA2800367861 /* CartView.swift in Sources */ = {isa = PBXBuildFile; fileRef = E1C8B4952F66FA2800367861 /* CartView.swift */; };
		E1C8B4A42F66FC8900367861 /* URLParameterEncoder.swift in Sources */ = {isa = PBXBuildFile; fileRef = E1C8B4A32F66FC8900367861 /* URLParameterEncoder.swift */; };
		E1C8B4A52F66FC8900367861 /* ParameterEncoding.swift in Sources */ = {isa = PBXBuildFile; fileRef = E1C8B4A22F66FC8900367861 /* ParameterEncoding.swift */; };
		E1C8B4A62F66FC8900367861 /* JSONParameterEncoder.swift in Sources */ = {isa = PBXBuildFile; fileRef = E1C8B4A12F66FC8900367861 /* JSONParameterEncoder.swift */; };
		E1C8B4AD2F66FCAA00367861 /* Router.swift in Sources */ = {isa = PBXBuildFile; fileRef = E1C8B4AC2F66FCAA00367861 /* Router.swift */; };
		E1C8B4AE2F66FCAA00367861 /* HTTPMethod.swift in Sources */ = {isa = PBXBuildFile; fileRef = E1C8B4A92F66FCAA00367861 /* HTTPMethod.swift */; };
		E1C8B4AF2F66FCAA00367861 /* HTTPTask.swift in Sources */ = {isa = PBXBuildFile; fileRef = E1C8B4AA2F66FCAA00367861 /* HTTPTask.swift */; };
		E1C8B4B02F66FCAA00367861 /* EndPointType.swift in Sources */ = {isa = PBXBuildFile; fileRef = E1C8B4A82F66FCAA00367861 /* EndPointType.swift */; };
		E1C8B4B12F66FCAA00367861 /* RequestBuilder.swift in Sources */ = {isa = PBXBuildFile; fileRef = E1C8B4AB2F66FCAA00367861 /* RequestBuilder.swift */; };
		E1C8B4B42F66FCC900367861 /* APIError.swift in Sources */ = {isa = PBXBuildFile; fileRef = E1C8B4B32F66FCC900367861 /* APIError.swift */; };
		E1C8B4B72F66FCE100367861 /* NetworkLogger.swift in Sources */ = {isa = PBXBuildFile; fileRef = E1C8B4B62F66FCE100367861 /* NetworkLogger.swift */; };
		E1C8B4BB2F66FEBB00367861 /* SessionStore.swift in Sources */ = {isa = PBXBuildFile; fileRef = E1C8B4BA2F66FEB800367861 /* SessionStore.swift */; };
		E1C8B4BD2F66FEEE00367861 /* TokenProvider.swift in Sources */ = {isa = PBXBuildFile; fileRef = E1C8B4BC2F66FEEE00367861 /* TokenProvider.swift */; };
/* End PBXBuildFile section */

/* Begin PBXContainerItemProxy section */
		E1C8B2762F604C2300367861 /* PBXContainerItemProxy */ = {
			isa = PBXContainerItemProxy;
			containerPortal = E1C8B25E2F604C2100367861 /* Project object */;
			proxyType = 1;
			remoteGlobalIDString = E1C8B2652F604C2100367861;
			remoteInfo = CleanArchitectureDemoApp;
		};
		E1C8B2802F604C2300367861 /* PBXContainerItemProxy */ = {
			isa = PBXContainerItemProxy;
			containerPortal = E1C8B25E2F604C2100367861 /* Project object */;
			proxyType = 1;
			remoteGlobalIDString = E1C8B2652F604C2100367861;
			remoteInfo = CleanArchitectureDemoApp;
		};
/* End PBXContainerItemProxy section */

/* Begin PBXFileReference section */
		E1C8B2662F604C2100367861 /* CleanArchitectureDemoApp.app */ = {isa = PBXFileReference; explicitFileType = wrapper.application; includeInIndex = 0; path = CleanArchitectureDemoApp.app; sourceTree = BUILT_PRODUCTS_DIR; };
		E1C8B2752F604C2300367861 /* CleanArchitectureDemoAppTests.xctest */ = {isa = PBXFileReference; explicitFileType = wrapper.cfbundle; includeInIndex = 0; path = CleanArchitectureDemoAppTests.xctest; sourceTree = BUILT_PRODUCTS_DIR; };
		E1C8B27F2F604C2300367861 /* CleanArchitectureDemoAppUITests.xctest */ = {isa = PBXFileReference; explicitFileType = wrapper.cfbundle; includeInIndex = 0; path = CleanArchitectureDemoAppUITests.xctest; sourceTree = BUILT_PRODUCTS_DIR; };
		E1C8B2A02F604D7700367861 /* Assets.xcassets */ = {isa = PBXFileReference; lastKnownFileType = folder.assetcatalog; path = Assets.xcassets; sourceTree = "<group>"; };
		E1C8B2A12F604D7700367861 /* CleanArchitectureDemoAppApp.swift */ = {isa = PBXFileReference; lastKnownFileType = sourcecode.swift; path = CleanArchitectureDemoAppApp.swift; sourceTree = "<group>"; };
		E1C8B2A22F604D7700367861 /* ShopView.swift */ = {isa = PBXFileReference; lastKnownFileType = sourcecode.swift; path = ShopView.swift; sourceTree = "<group>"; };
		E1C8B2DE2F60575200367861 /* AppCoordinator.swift */ = {isa = PBXFileReference; lastKnownFileType = sourcecode.swift; path = AppCoordinator.swift; sourceTree = "<group>"; };
		E1C8B2E02F60575D00367861 /* DependencyContainer.swift */ = {isa = PBXFileReference; lastKnownFileType = sourcecode.swift; path = DependencyContainer.swift; sourceTree = "<group>"; };
		E1C8B48B2F66F9A800367861 /* AppTab.swift */ = {isa = PBXFileReference; lastKnownFileType = sourcecode.swift; path = AppTab.swift; sourceTree = "<group>"; };
		E1C8B48D2F66F9B400367861 /* RootTabView.swift */ = {isa = PBXFileReference; lastKnownFileType = sourcecode.swift; path = RootTabView.swift; sourceTree = "<group>"; };
		E1C8B48F2F66F9C000367861 /* ShopCoordinatorView.swift */ = {isa = PBXFileReference; lastKnownFileType = sourcecode.swift; path = ShopCoordinatorView.swift; sourceTree = "<group>"; };
		E1C8B4912F66F9CF00367861 /* CartCoordinatorView.swift */ = {isa = PBXFileReference; lastKnownFileType = sourcecode.swift; path = CartCoordinatorView.swift; sourceTree = "<group>"; };
		E1C8B4952F66FA2800367861 /* CartView.swift */ = {isa = PBXFileReference; lastKnownFileType = sourcecode.swift; path = CartView.swift; sourceTree = "<group>"; };
		E1C8B4A12F66FC8900367861 /* JSONParameterEncoder.swift */ = {isa = PBXFileReference; lastKnownFileType = sourcecode.swift; path = JSONParameterEncoder.swift; sourceTree = "<group>"; };
		E1C8B4A22F66FC8900367861 /* ParameterEncoding.swift */ = {isa = PBXFileReference; lastKnownFileType = sourcecode.swift; path = ParameterEncoding.swift; sourceTree = "<group>"; };
		E1C8B4A32F66FC8900367861 /* URLParameterEncoder.swift */ = {isa = PBXFileReference; lastKnownFileType = sourcecode.swift; path = URLParameterEncoder.swift; sourceTree = "<group>"; };
		E1C8B4A82F66FCAA00367861 /* EndPointType.swift */ = {isa = PBXFileReference; lastKnownFileType = sourcecode.swift; path = EndPointType.swift; sourceTree = "<group>"; };
		E1C8B4A92F66FCAA00367861 /* HTTPMethod.swift */ = {isa = PBXFileReference; lastKnownFileType = sourcecode.swift; path = HTTPMethod.swift; sourceTree = "<group>"; };
		E1C8B4AA2F66FCAA00367861 /* HTTPTask.swift */ = {isa = PBXFileReference; lastKnownFileType = sourcecode.swift; path = HTTPTask.swift; sourceTree = "<group>"; };
		E1C8B4AB2F66FCAA00367861 /* RequestBuilder.swift */ = {isa = PBXFileReference; lastKnownFileType = sourcecode.swift; path = RequestBuilder.swift; sourceTree = "<group>"; };
		E1C8B4AC2F66FCAA00367861 /* Router.swift */ = {isa = PBXFileReference; lastKnownFileType = sourcecode.swift; path = Router.swift; sourceTree = "<group>"; };
		E1C8B4B32F66FCC900367861 /* APIError.swift */ = {isa = PBXFileReference; lastKnownFileType = sourcecode.swift; path = APIError.swift; sourceTree = "<group>"; };
		E1C8B4B62F66FCE100367861 /* NetworkLogger.swift */ = {isa = PBXFileReference; lastKnownFileType = sourcecode.swift; path = NetworkLogger.swift; sourceTree = "<group>"; };
		E1C8B4BA2F66FEB800367861 /* SessionStore.swift */ = {isa = PBXFileReference; lastKnownFileType = sourcecode.swift; path = SessionStore.swift; sourceTree = "<group>"; };
		E1C8B4BC2F66FEEE00367861 /* TokenProvider.swift */ = {isa = PBXFileReference; lastKnownFileType = sourcecode.swift; path = TokenProvider.swift; sourceTree = "<group>"; };
/* End PBXFileReference section */

/* Begin PBXFileSystemSynchronizedRootGroup section */
		E1C8B2782F604C2300367861 /* CleanArchitectureDemoAppTests */ = {
			isa = PBXFileSystemSynchronizedRootGroup;
			path = CleanArchitectureDemoAppTests;
			sourceTree = "<group>";
		};
		E1C8B2822F604C2300367861 /* CleanArchitectureDemoAppUITests */ = {
			isa = PBXFileSystemSynchronizedRootGroup;
			path = CleanArchitectureDemoAppUITests;
			sourceTree = "<group>";
		};
/* End PBXFileSystemSynchronizedRootGroup section */

/* Begin PBXFrameworksBuildPhase section */
		E1C8B2632F604C2100367861 /* Frameworks */ = {
			isa = PBXFrameworksBuildPhase;
			buildActionMask = 2147483647;
			files = (
			);
			runOnlyForDeploymentPostprocessing = 0;
		};
		E1C8B2722F604C2300367861 /* Frameworks */ = {
			isa = PBXFrameworksBuildPhase;
			buildActionMask = 2147483647;
			files = (
			);
			runOnlyForDeploymentPostprocessing = 0;
		};
		E1C8B27C2F604C2300367861 /* Frameworks */ = {
			isa = PBXFrameworksBuildPhase;
			buildActionMask = 2147483647;
			files = (
			);
			runOnlyForDeploymentPostprocessing = 0;
		};
/* End PBXFrameworksBuildPhase section */

/* Begin PBXGroup section */
		E1C8B25D2F604C2100367861 = {
			isa = PBXGroup;
			children = (
				E1C8B2D02F6054B300367861 /* App */,
				E1C8B2D12F6054CB00367861 /* Core */,
				E1C8B2D22F6054D200367861 /* Features */,
				E1C8B2D32F6054DA00367861 /* Models */,
				E1C8B2D52F6054F200367861 /* Resources */,
				E1C8B2D42F6054EB00367861 /* Utilities */,
				E1C8B2782F604C2300367861 /* CleanArchitectureDemoAppTests */,
				E1C8B2822F604C2300367861 /* CleanArchitectureDemoAppUITests */,
				E1C8B2672F604C2100367861 /* Products */,
			);
			sourceTree = "<group>";
		};
		E1C8B2672F604C2100367861 /* Products */ = {
			isa = PBXGroup;
			children = (
				E1C8B2662F604C2100367861 /* CleanArchitectureDemoApp.app */,
				E1C8B2752F604C2300367861 /* CleanArchitectureDemoAppTests.xctest */,
				E1C8B27F2F604C2300367861 /* CleanArchitectureDemoAppUITests.xctest */,
			);
			name = Products;
			sourceTree = "<group>";
		};
		E1C8B2D02F6054B300367861 /* App */ = {
			isa = PBXGroup;
			children = (
				E1C8B2A12F604D7700367861 /* CleanArchitectureDemoAppApp.swift */,
				E1C8B2DE2F60575200367861 /* AppCoordinator.swift */,
				E1C8B48D2F66F9B400367861 /* RootTabView.swift */,
				E1C8B48B2F66F9A800367861 /* AppTab.swift */,
				E1C8B2E02F60575D00367861 /* DependencyContainer.swift */,
			);
			path = App;
			sourceTree = "<group>";
		};
		E1C8B2D12F6054CB00367861 /* Core */ = {
			isa = PBXGroup;
			children = (
				E1C8B4B92F66FEAA00367861 /* Auth */,
				E1C8B2D92F60562700367861 /* Networking */,
				E1C8B2D82F60561B00367861 /* Storage */,
				E1C8B2D72F60561000367861 /* DesignSystem */,
			);
			path = Core;
			sourceTree = "<group>";
		};
		E1C8B2D22F6054D200367861 /* Features */ = {
			isa = PBXGroup;
			children = (
				E1C8B4932F66FA0E00367861 /* Cart */,
				E1C8B2D62F6055B500367861 /* Shop */,
			);
			path = Features;
			sourceTree = "<group>";
		};
		E1C8B2D32F6054DA00367861 /* Models */ = {
			isa = PBXGroup;
			children = (
			);
			path = Models;
			sourceTree = "<group>";
		};
		E1C8B2D42F6054EB00367861 /* Utilities */ = {
			isa = PBXGroup;
			children = (
			);
			path = Utilities;
			sourceTree = "<group>";
		};
		E1C8B2D52F6054F200367861 /* Resources */ = {
			isa = PBXGroup;
			children = (
				E1C8B2A02F604D7700367861 /* Assets.xcassets */,
			);
			path = Resources;
			sourceTree = "<group>";
		};
		E1C8B2D62F6055B500367861 /* Shop */ = {
			isa = PBXGroup;
			children = (
				E1C8B2DA2F60567B00367861 /* View */,
				E1C8B2DB2F60568100367861 /* ViewModel */,
				E1C8B2DC2F60569900367861 /* Coordinator */,
				E1C8B2DD2F6056A200367861 /* Repository */,
			);
			path = Shop;
			sourceTree = "<group>";
		};
		E1C8B2D72F60561000367861 /* DesignSystem */ = {
			isa = PBXGroup;
			children = (
			);
			path = DesignSystem;
			sourceTree = "<group>";
		};
		E1C8B2D82F60561B00367861 /* Storage */ = {
			isa = PBXGroup;
			children = (
			);
			path = Storage;
			sourceTree = "<group>";
		};
		E1C8B2D92F60562700367861 /* Networking */ = {
			isa = PBXGroup;
			children = (
				E1C8B4B82F66FDC100367861 /* APIClient */,
				E1C8B4A02F66FC7000367861 /* Encoding */,
				E1C8B4A72F66FC9E00367861 /* Request */,
				E1C8B4B52F66FCD400367861 /* Logging */,
				E1C8B4B22F66FCB300367861 /* ErrorHandling */,
			);
			path = Networking;
			sourceTree = "<group>";
		};
		E1C8B2DA2F60567B00367861 /* View */ = {
			isa = PBXGroup;
			children = (
				E1C8B2A22F604D7700367861 /* ShopView.swift */,
			);
			path = View;
			sourceTree = "<group>";
		};
		E1C8B2DB2F60568100367861 /* ViewModel */ = {
			isa = PBXGroup;
			children = (
			);
			path = ViewModel;
			sourceTree = "<group>";
		};
		E1C8B2DC2F60569900367861 /* Coordinator */ = {
			isa = PBXGroup;
			children = (
				E1C8B48F2F66F9C000367861 /* ShopCoordinatorView.swift */,
			);
			path = Coordinator;
			sourceTree = "<group>";
		};
		E1C8B2DD2F6056A200367861 /* Repository */ = {
			isa = PBXGroup;
			children = (
			);
			path = Repository;
			sourceTree = "<group>";
		};
		E1C8B4932F66FA0E00367861 /* Cart */ = {
			isa = PBXGroup;
			children = (
				E1C8B4992F66FA5E00367861 /* Repository */,
				E1C8B4982F66FA4E00367861 /* Coordinator */,
				E1C8B4972F66FA3E00367861 /* ViewModel */,
				E1C8B4942F66FA1A00367861 /* View */,
			);
			path = Cart;
			sourceTree = "<group>";
		};
		E1C8B4942F66FA1A00367861 /* View */ = {
			isa = PBXGroup;
			children = (
				E1C8B4952F66FA2800367861 /* CartView.swift */,
			);
			path = View;
			sourceTree = "<group>";
		};
		E1C8B4972F66FA3E00367861 /* ViewModel */ = {
			isa = PBXGroup;
			children = (
			);
			path = ViewModel;
			sourceTree = "<group>";
		};
		E1C8B4982F66FA4E00367861 /* Coordinator */ = {
			isa = PBXGroup;
			children = (
				E1C8B4912F66F9CF00367861 /* CartCoordinatorView.swift */,
			);
			path = Coordinator;
			sourceTree = "<group>";
		};
		E1C8B4992F66FA5E00367861 /* Repository */ = {
			isa = PBXGroup;
			children = (
			);
			path = Repository;
			sourceTree = "<group>";
		};
		E1C8B4A02F66FC7000367861 /* Encoding */ = {
			isa = PBXGroup;
			children = (
				E1C8B4A12F66FC8900367861 /* JSONParameterEncoder.swift */,
				E1C8B4A22F66FC8900367861 /* ParameterEncoding.swift */,
				E1C8B4A32F66FC8900367861 /* URLParameterEncoder.swift */,
			);
			path = Encoding;
			sourceTree = "<group>";
		};
		E1C8B4A72F66FC9E00367861 /* Request */ = {
			isa = PBXGroup;
			children = (
				E1C8B4A82F66FCAA00367861 /* EndPointType.swift */,
				E1C8B4A92F66FCAA00367861 /* HTTPMethod.swift */,
				E1C8B4AA2F66FCAA00367861 /* HTTPTask.swift */,
				E1C8B4AB2F66FCAA00367861 /* RequestBuilder.swift */,
				E1C8B4AC2F66FCAA00367861 /* Router.swift */,
			);
			path = Request;
			sourceTree = "<group>";
		};
		E1C8B4B22F66FCB300367861 /* ErrorHandling */ = {
			isa = PBXGroup;
			children = (
				E1C8B4B32F66FCC900367861 /* APIError.swift */,
			);
			path = ErrorHandling;
			sourceTree = "<group>";
		};
		E1C8B4B52F66FCD400367861 /* Logging */ = {
			isa = PBXGroup;
			children = (
				E1C8B4B62F66FCE100367861 /* NetworkLogger.swift */,
			);
			path = Logging;
			sourceTree = "<group>";
		};
		E1C8B4B82F66FDC100367861 /* APIClient */ = {
			isa = PBXGroup;
			children = (
			);
			path = APIClient;
			sourceTree = "<group>";
		};
		E1C8B4B92F66FEAA00367861 /* Auth */ = {
			isa = PBXGroup;
			children = (
				E1C8B4BA2F66FEB800367861 /* SessionStore.swift */,
				E1C8B4BC2F66FEEE00367861 /* TokenProvider.swift */,
			);
			path = Auth;
			sourceTree = "<group>";
		};
/* End PBXGroup section */

/* Begin PBXNativeTarget section */
		E1C8B2652F604C2100367861 /* CleanArchitectureDemoApp */ = {
			isa = PBXNativeTarget;
			buildConfigurationList = E1C8B2892F604C2300367861 /* Build configuration list for PBXNativeTarget "CleanArchitectureDemoApp" */;
			buildPhases = (
				E1C8B2622F604C2100367861 /* Sources */,
				E1C8B2632F604C2100367861 /* Frameworks */,
				E1C8B2642F604C2100367861 /* Resources */,
			);
			buildRules = (
			);
			dependencies = (
			);
			name = CleanArchitectureDemoApp;
			packageProductDependencies = (
			);
			productName = CleanArchitectureDemoApp;
			productReference = E1C8B2662F604C2100367861 /* CleanArchitectureDemoApp.app */;
			productType = "com.apple.product-type.application";
		};
		E1C8B2742F604C2300367861 /* CleanArchitectureDemoAppTests */ = {
			isa = PBXNativeTarget;
			buildConfigurationList = E1C8B28C2F604C2300367861 /* Build configuration list for PBXNativeTarget "CleanArchitectureDemoAppTests" */;
			buildPhases = (
				E1C8B2712F604C2300367861 /* Sources */,
				E1C8B2722F604C2300367861 /* Frameworks */,
				E1C8B2732F604C2300367861 /* Resources */,
			);
			buildRules = (
			);
			dependencies = (
				E1C8B2772F604C2300367861 /* PBXTargetDependency */,
			);
			fileSystemSynchronizedGroups = (
				E1C8B2782F604C2300367861 /* CleanArchitectureDemoAppTests */,
			);
			name = CleanArchitectureDemoAppTests;
			packageProductDependencies = (
			);
			productName = CleanArchitectureDemoAppTests;
			productReference = E1C8B2752F604C2300367861 /* CleanArchitectureDemoAppTests.xctest */;
			productType = "com.apple.product-type.bundle.unit-test";
		};
		E1C8B27E2F604C2300367861 /* CleanArchitectureDemoAppUITests */ = {
			isa = PBXNativeTarget;
			buildConfigurationList = E1C8B28F2F604C2300367861 /* Build configuration list for PBXNativeTarget "CleanArchitectureDemoAppUITests" */;
			buildPhases = (
				E1C8B27B2F604C2300367861 /* Sources */,
				E1C8B27C2F604C2300367861 /* Frameworks */,
				E1C8B27D2F604C2300367861 /* Resources */,
			);
			buildRules = (
			);
			dependencies = (
				E1C8B2812F604C2300367861 /* PBXTargetDependency */,
			);
			fileSystemSynchronizedGroups = (
				E1C8B2822F604C2300367861 /* CleanArchitectureDemoAppUITests */,
			);
			name = CleanArchitectureDemoAppUITests;
			packageProductDependencies = (
			);
			productName = CleanArchitectureDemoAppUITests;
			productReference = E1C8B27F2F604C2300367861 /* CleanArchitectureDemoAppUITests.xctest */;
			productType = "com.apple.product-type.bundle.ui-testing";
		};
/* End PBXNativeTarget section */

/* Begin PBXProject section */
		E1C8B25E2F604C2100367861 /* Project object */ = {
			isa = PBXProject;
			attributes = {
				BuildIndependentTargetsInParallel = 1;
				LastSwiftUpdateCheck = 2630;
				LastUpgradeCheck = 2630;
				TargetAttributes = {
					E1C8B2652F604C2100367861 = {
						CreatedOnToolsVersion = 26.3;
					};
					E1C8B2742F604C2300367861 = {
						CreatedOnToolsVersion = 26.3;
						TestTargetID = E1C8B2652F604C2100367861;
					};
					E1C8B27E2F604C2300367861 = {
						CreatedOnToolsVersion = 26.3;
						TestTargetID = E1C8B2652F604C2100367861;
					};
				};
			};
			buildConfigurationList = E1C8B2612F604C2100367861 /* Build configuration list for PBXProject "CleanArchitectureDemoApp" */;
			developmentRegion = en;
			hasScannedForEncodings = 0;
			knownRegions = (
				en,
				Base,
			);
			mainGroup = E1C8B25D2F604C2100367861;
			minimizedProjectReferenceProxies = 1;
			preferredProjectObjectVersion = 77;
			productRefGroup = E1C8B2672F604C2100367861 /* Products */;
			projectDirPath = "";
			projectRoot = "";
			targets = (
				E1C8B2652F604C2100367861 /* CleanArchitectureDemoApp */,
				E1C8B2742F604C2300367861 /* CleanArchitectureDemoAppTests */,
				E1C8B27E2F604C2300367861 /* CleanArchitectureDemoAppUITests */,
			);
		};
/* End PBXProject section */

/* Begin PBXResourcesBuildPhase section */
		E1C8B2642F604C2100367861 /* Resources */ = {
			isa = PBXResourcesBuildPhase;
			buildActionMask = 2147483647;
			files = (
				E1C8B2A42F604D7700367861 /* Assets.xcassets in Resources */,
			);
			runOnlyForDeploymentPostprocessing = 0;
		};
		E1C8B2732F604C2300367861 /* Resources */ = {
			isa = PBXResourcesBuildPhase;
			buildActionMask = 2147483647;
			files = (
			);
			runOnlyForDeploymentPostprocessing = 0;
		};
		E1C8B27D2F604C2300367861 /* Resources */ = {
			isa = PBXResourcesBuildPhase;
			buildActionMask = 2147483647;
			files = (
			);
			runOnlyForDeploymentPostprocessing = 0;
		};
/* End PBXResourcesBuildPhase section */

/* Begin PBXSourcesBuildPhase section */
		E1C8B2622F604C2100367861 /* Sources */ = {
			isa = PBXSourcesBuildPhase;
			buildActionMask = 2147483647;
			files = (
				E1C8B4962F66FA2800367861 /* CartView.swift in Sources */,
				E1C8B2DF2F60575200367861 /* AppCoordinator.swift in Sources */,
				E1C8B4A42F66FC8900367861 /* URLParameterEncoder.swift in Sources */,
				E1C8B4A52F66FC8900367861 /* ParameterEncoding.swift in Sources */,
				E1C8B4A62F66FC8900367861 /* JSONParameterEncoder.swift in Sources */,
				E1C8B48C2F66F9A800367861 /* AppTab.swift in Sources */,
				E1C8B4BB2F66FEBB00367861 /* SessionStore.swift in Sources */,
				E1C8B2A52F604D7700367861 /* CleanArchitectureDemoAppApp.swift in Sources */,
				E1C8B2E12F60575D00367861 /* DependencyContainer.swift in Sources */,
				E1C8B48E2F66F9B400367861 /* RootTabView.swift in Sources */,
				E1C8B4B72F66FCE100367861 /* NetworkLogger.swift in Sources */,
				E1C8B4922F66F9CF00367861 /* CartCoordinatorView.swift in Sources */,
				E1C8B4902F66F9C000367861 /* ShopCoordinatorView.swift in Sources */,
				E1C8B2A62F604D7700367861 /* ShopView.swift in Sources */,
				E1C8B4AD2F66FCAA00367861 /* Router.swift in Sources */,
				E1C8B4AE2F66FCAA00367861 /* HTTPMethod.swift in Sources */,
				E1C8B4AF2F66FCAA00367861 /* HTTPTask.swift in Sources */,
				E1C8B4B02F66FCAA00367861 /* EndPointType.swift in Sources */,
				E1C8B4B12F66FCAA00367861 /* RequestBuilder.swift in Sources */,
				E1C8B4BD2F66FEEE00367861 /* TokenProvider.swift in Sources */,
				E1C8B4B42F66FCC900367861 /* APIError.swift in Sources */,
			);
			runOnlyForDeploymentPostprocessing = 0;
		};
		E1C8B2712F604C2300367861 /* Sources */ = {
			isa = PBXSourcesBuildPhase;
			buildActionMask = 2147483647;
			files = (
			);
			runOnlyForDeploymentPostprocessing = 0;
		};
		E1C8B27B2F604C2300367861 /* Sources */ = {
			isa = PBXSourcesBuildPhase;
			buildActionMask = 2147483647;
			files = (
			);
			runOnlyForDeploymentPostprocessing = 0;
		};
/* End PBXSourcesBuildPhase section */

/* Begin PBXTargetDependency section */
		E1C8B2772F604C2300367861 /* PBXTargetDependency */ = {
			isa = PBXTargetDependency;
			target = E1C8B2652F604C2100367861 /* CleanArchitectureDemoApp */;
			targetProxy = E1C8B2762F604C2300367861 /* PBXContainerItemProxy */;
		};
		E1C8B2812F604C2300367861 /* PBXTargetDependency */ = {
			isa = PBXTargetDependency;
			target = E1C8B2652F604C2100367861 /* CleanArchitectureDemoApp */;
			targetProxy = E1C8B2802F604C2300367861 /* PBXContainerItemProxy */;
		};
/* End PBXTargetDependency section */

/* Begin XCBuildConfiguration section */
		E1C8B2872F604C2300367861 /* Debug */ = {
			isa = XCBuildConfiguration;
			buildSettings = {
				ALWAYS_SEARCH_USER_PATHS = NO;
				ASSETCATALOG_COMPILER_GENERATE_SWIFT_ASSET_SYMBOL_EXTENSIONS = YES;
				CLANG_ANALYZER_NONNULL = YES;
				CLANG_ANALYZER_NUMBER_OBJECT_CONVERSION = YES_AGGRESSIVE;
				CLANG_CXX_LANGUAGE_STANDARD = "gnu++20";
				CLANG_ENABLE_MODULES = YES;
				CLANG_ENABLE_OBJC_ARC = YES;
				CLANG_ENABLE_OBJC_WEAK = YES;
				CLANG_WARN_BLOCK_CAPTURE_AUTORELEASING = YES;
				CLANG_WARN_BOOL_CONVERSION = YES;
				CLANG_WARN_COMMA = YES;
				CLANG_WARN_CONSTANT_CONVERSION = YES;
				CLANG_WARN_DEPRECATED_OBJC_IMPLEMENTATIONS = YES;
				CLANG_WARN_DIRECT_OBJC_ISA_USAGE = YES_ERROR;
				CLANG_WARN_DOCUMENTATION_COMMENTS = YES;
				CLANG_WARN_EMPTY_BODY = YES;
				CLANG_WARN_ENUM_CONVERSION = YES;
				CLANG_WARN_INFINITE_RECURSION = YES;
				CLANG_WARN_INT_CONVERSION = YES;
				CLANG_WARN_NON_LITERAL_NULL_CONVERSION = YES;
				CLANG_WARN_OBJC_IMPLICIT_RETAIN_SELF = YES;
				CLANG_WARN_OBJC_LITERAL_CONVERSION = YES;
				CLANG_WARN_OBJC_ROOT_CLASS = YES_ERROR;
				CLANG_WARN_QUOTED_INCLUDE_IN_FRAMEWORK_HEADER = YES;
				CLANG_WARN_RANGE_LOOP_ANALYSIS = YES;
				CLANG_WARN_STRICT_PROTOTYPES = YES;
				CLANG_WARN_SUSPICIOUS_MOVE = YES;
				CLANG_WARN_UNGUARDED_AVAILABILITY = YES_AGGRESSIVE;
				CLANG_WARN_UNREACHABLE_CODE = YES;
				CLANG_WARN__DUPLICATE_METHOD_MATCH = YES;
				COPY_PHASE_STRIP = NO;
				DEBUG_INFORMATION_FORMAT = dwarf;
				DEVELOPMENT_TEAM = 5UT2MG9LM9;
				ENABLE_STRICT_OBJC_MSGSEND = YES;
				ENABLE_TESTABILITY = YES;
				ENABLE_USER_SCRIPT_SANDBOXING = YES;
				GCC_C_LANGUAGE_STANDARD = gnu17;
				GCC_DYNAMIC_NO_PIC = NO;
				GCC_NO_COMMON_BLOCKS = YES;
				GCC_OPTIMIZATION_LEVEL = 0;
				GCC_PREPROCESSOR_DEFINITIONS = (
					"DEBUG=1",
					"$(inherited)",
				);
				GCC_WARN_64_TO_32_BIT_CONVERSION = YES;
				GCC_WARN_ABOUT_RETURN_TYPE = YES_ERROR;
				GCC_WARN_UNDECLARED_SELECTOR = YES;
				GCC_WARN_UNINITIALIZED_AUTOS = YES_AGGRESSIVE;
				GCC_WARN_UNUSED_FUNCTION = YES;
				GCC_WARN_UNUSED_VARIABLE = YES;
				IPHONEOS_DEPLOYMENT_TARGET = 26.2;
				LOCALIZATION_PREFERS_STRING_CATALOGS = YES;
				MTL_ENABLE_DEBUG_INFO = INCLUDE_SOURCE;
				MTL_FAST_MATH = YES;
				ONLY_ACTIVE_ARCH = YES;
				SDKROOT = iphoneos;
				SWIFT_ACTIVE_COMPILATION_CONDITIONS = "DEBUG $(inherited)";
				SWIFT_OPTIMIZATION_LEVEL = "-Onone";
			};
			name = Debug;
		};
		E1C8B2882F604C2300367861 /* Release */ = {
			isa = XCBuildConfiguration;
			buildSettings = {
				ALWAYS_SEARCH_USER_PATHS = NO;
				ASSETCATALOG_COMPILER_GENERATE_SWIFT_ASSET_SYMBOL_EXTENSIONS = YES;
				CLANG_ANALYZER_NONNULL = YES;
				CLANG_ANALYZER_NUMBER_OBJECT_CONVERSION = YES_AGGRESSIVE;
				CLANG_CXX_LANGUAGE_STANDARD = "gnu++20";
				CLANG_ENABLE_MODULES = YES;
				CLANG_ENABLE_OBJC_ARC = YES;
				CLANG_ENABLE_OBJC_WEAK = YES;
				CLANG_WARN_BLOCK_CAPTURE_AUTORELEASING = YES;
				CLANG_WARN_BOOL_CONVERSION = YES;
				CLANG_WARN_COMMA = YES;
				CLANG_WARN_CONSTANT_CONVERSION = YES;
				CLANG_WARN_DEPRECATED_OBJC_IMPLEMENTATIONS = YES;
				CLANG_WARN_DIRECT_OBJC_ISA_USAGE = YES_ERROR;
				CLANG_WARN_DOCUMENTATION_COMMENTS = YES;
				CLANG_WARN_EMPTY_BODY = YES;
				CLANG_WARN_ENUM_CONVERSION = YES;
				CLANG_WARN_INFINITE_RECURSION = YES;
				CLANG_WARN_INT_CONVERSION = YES;
				CLANG_WARN_NON_LITERAL_NULL_CONVERSION = YES;
				CLANG_WARN_OBJC_IMPLICIT_RETAIN_SELF = YES;
				CLANG_WARN_OBJC_LITERAL_CONVERSION = YES;
				CLANG_WARN_OBJC_ROOT_CLASS = YES_ERROR;
				CLANG_WARN_QUOTED_INCLUDE_IN_FRAMEWORK_HEADER = YES;
				CLANG_WARN_RANGE_LOOP_ANALYSIS = YES;
				CLANG_WARN_STRICT_PROTOTYPES = YES;
				CLANG_WARN_SUSPICIOUS_MOVE = YES;
				CLANG_WARN_UNGUARDED_AVAILABILITY = YES_AGGRESSIVE;
				CLANG_WARN_UNREACHABLE_CODE = YES;
				CLANG_WARN__DUPLICATE_METHOD_MATCH = YES;
				COPY_PHASE_STRIP = NO;
				DEBUG_INFORMATION_FORMAT = "dwarf-with-dsym";
				DEVELOPMENT_TEAM = 5UT2MG9LM9;
				ENABLE_NS_ASSERTIONS = NO;
				ENABLE_STRICT_OBJC_MSGSEND = YES;
				ENABLE_USER_SCRIPT_SANDBOXING = YES;
				GCC_C_LANGUAGE_STANDARD = gnu17;
				GCC_NO_COMMON_BLOCKS = YES;
				GCC_WARN_64_TO_32_BIT_CONVERSION = YES;
				GCC_WARN_ABOUT_RETURN_TYPE = YES_ERROR;
				GCC_WARN_UNDECLARED_SELECTOR = YES;
				GCC_WARN_UNINITIALIZED_AUTOS = YES_AGGRESSIVE;
				GCC_WARN_UNUSED_FUNCTION = YES;
				GCC_WARN_UNUSED_VARIABLE = YES;
				IPHONEOS_DEPLOYMENT_TARGET = 26.2;
				LOCALIZATION_PREFERS_STRING_CATALOGS = YES;
				MTL_ENABLE_DEBUG_INFO = NO;
				MTL_FAST_MATH = YES;
				SDKROOT = iphoneos;
				SWIFT_COMPILATION_MODE = wholemodule;
				VALIDATE_PRODUCT = YES;
			};
			name = Release;
		};
		E1C8B28A2F604C2300367861 /* Debug */ = {
			isa = XCBuildConfiguration;
			buildSettings = {
				ASSETCATALOG_COMPILER_APPICON_NAME = AppIcon;
				ASSETCATALOG_COMPILER_GLOBAL_ACCENT_COLOR_NAME = AccentColor;
				CODE_SIGN_STYLE = Automatic;
				CURRENT_PROJECT_VERSION = 1;
				DEVELOPMENT_TEAM = 5UT2MG9LM9;
				ENABLE_PREVIEWS = YES;
				GENERATE_INFOPLIST_FILE = YES;
				INFOPLIST_KEY_UIApplicationSceneManifest_Generation = YES;
				INFOPLIST_KEY_UIApplicationSupportsIndirectInputEvents = YES;
				INFOPLIST_KEY_UILaunchScreen_Generation = YES;
				INFOPLIST_KEY_UISupportedInterfaceOrientations_iPad = "UIInterfaceOrientationPortrait UIInterfaceOrientationPortraitUpsideDown UIInterfaceOrientationLandscapeLeft UIInterfaceOrientationLandscapeRight";
				INFOPLIST_KEY_UISupportedInterfaceOrientations_iPhone = "UIInterfaceOrientationPortrait UIInterfaceOrientationLandscapeLeft UIInterfaceOrientationLandscapeRight";
				LD_RUNPATH_SEARCH_PATHS = (
					"$(inherited)",
					"@executable_path/Frameworks",
				);
				MARKETING_VERSION = 1.0;
				PRODUCT_BUNDLE_IDENTIFIER = uk.co.AkibMakesApps.CleanArchitectureDemoApp;
				PRODUCT_NAME = "$(TARGET_NAME)";
				STRING_CATALOG_GENERATE_SYMBOLS = YES;
				SWIFT_APPROACHABLE_CONCURRENCY = YES;
				SWIFT_DEFAULT_ACTOR_ISOLATION = MainActor;
				SWIFT_EMIT_LOC_STRINGS = YES;
				SWIFT_UPCOMING_FEATURE_MEMBER_IMPORT_VISIBILITY = YES;
				SWIFT_VERSION = 5.0;
				TARGETED_DEVICE_FAMILY = "1,2";
			};
			name = Debug;
		};
		E1C8B28B2F604C2300367861 /* Release */ = {
			isa = XCBuildConfiguration;
			buildSettings = {
				ASSETCATALOG_COMPILER_APPICON_NAME = AppIcon;
				ASSETCATALOG_COMPILER_GLOBAL_ACCENT_COLOR_NAME = AccentColor;
				CODE_SIGN_STYLE = Automatic;
				CURRENT_PROJECT_VERSION = 1;
				DEVELOPMENT_TEAM = 5UT2MG9LM9;
				ENABLE_PREVIEWS = YES;
				GENERATE_INFOPLIST_FILE = YES;
				INFOPLIST_KEY_UIApplicationSceneManifest_Generation = YES;
				INFOPLIST_KEY_UIApplicationSupportsIndirectInputEvents = YES;
				INFOPLIST_KEY_UILaunchScreen_Generation = YES;
				INFOPLIST_KEY_UISupportedInterfaceOrientations_iPad = "UIInterfaceOrientationPortrait UIInterfaceOrientationPortraitUpsideDown UIInterfaceOrientationLandscapeLeft UIInterfaceOrientationLandscapeRight";
				INFOPLIST_KEY_UISupportedInterfaceOrientations_iPhone = "UIInterfaceOrientationPortrait UIInterfaceOrientationLandscapeLeft UIInterfaceOrientationLandscapeRight";
				LD_RUNPATH_SEARCH_PATHS = (
					"$(inherited)",
					"@executable_path/Frameworks",
				);
				MARKETING_VERSION = 1.0;
				PRODUCT_BUNDLE_IDENTIFIER = uk.co.AkibMakesApps.CleanArchitectureDemoApp;
				PRODUCT_NAME = "$(TARGET_NAME)";
				STRING_CATALOG_GENERATE_SYMBOLS = YES;
				SWIFT_APPROACHABLE_CONCURRENCY = YES;
				SWIFT_DEFAULT_ACTOR_ISOLATION = MainActor;
				SWIFT_EMIT_LOC_STRINGS = YES;
				SWIFT_UPCOMING_FEATURE_MEMBER_IMPORT_VISIBILITY = YES;
				SWIFT_VERSION = 5.0;
				TARGETED_DEVICE_FAMILY = "1,2";
			};
			name = Release;
		};
		E1C8B28D2F604C2300367861 /* Debug */ = {
			isa = XCBuildConfiguration;
			buildSettings = {
				BUNDLE_LOADER = "$(TEST_HOST)";
				CODE_SIGN_STYLE = Automatic;
				CURRENT_PROJECT_VERSION = 1;
				DEVELOPMENT_TEAM = 5UT2MG9LM9;
				GENERATE_INFOPLIST_FILE = YES;
				IPHONEOS_DEPLOYMENT_TARGET = 26.2;
				MARKETING_VERSION = 1.0;
				PRODUCT_BUNDLE_IDENTIFIER = uk.co.AkibMakesApps.CleanArchitectureDemoAppTests;
				PRODUCT_NAME = "$(TARGET_NAME)";
				STRING_CATALOG_GENERATE_SYMBOLS = NO;
				SWIFT_APPROACHABLE_CONCURRENCY = YES;
				SWIFT_EMIT_LOC_STRINGS = NO;
				SWIFT_UPCOMING_FEATURE_MEMBER_IMPORT_VISIBILITY = YES;
				SWIFT_VERSION = 5.0;
				TARGETED_DEVICE_FAMILY = "1,2";
				TEST_HOST = "$(BUILT_PRODUCTS_DIR)/CleanArchitectureDemoApp.app/$(BUNDLE_EXECUTABLE_FOLDER_PATH)/CleanArchitectureDemoApp";
			};
			name = Debug;
		};
		E1C8B28E2F604C2300367861 /* Release */ = {
			isa = XCBuildConfiguration;
			buildSettings = {
				BUNDLE_LOADER = "$(TEST_HOST)";
				CODE_SIGN_STYLE = Automatic;
				CURRENT_PROJECT_VERSION = 1;
				DEVELOPMENT_TEAM = 5UT2MG9LM9;
				GENERATE_INFOPLIST_FILE = YES;
				IPHONEOS_DEPLOYMENT_TARGET = 26.2;
				MARKETING_VERSION = 1.0;
				PRODUCT_BUNDLE_IDENTIFIER = uk.co.AkibMakesApps.CleanArchitectureDemoAppTests;
				PRODUCT_NAME = "$(TARGET_NAME)";
				STRING_CATALOG_GENERATE_SYMBOLS = NO;
				SWIFT_APPROACHABLE_CONCURRENCY = YES;
				SWIFT_EMIT_LOC_STRINGS = NO;
				SWIFT_UPCOMING_FEATURE_MEMBER_IMPORT_VISIBILITY = YES;
				SWIFT_VERSION = 5.0;
				TARGETED_DEVICE_FAMILY = "1,2";
				TEST_HOST = "$(BUILT_PRODUCTS_DIR)/CleanArchitectureDemoApp.app/$(BUNDLE_EXECUTABLE_FOLDER_PATH)/CleanArchitectureDemoApp";
			};
			name = Release;
		};
		E1C8B2902F604C2300367861 /* Debug */ = {
			isa = XCBuildConfiguration;
			buildSettings = {
				CODE_SIGN_STYLE = Automatic;
				CURRENT_PROJECT_VERSION = 1;
				DEVELOPMENT_TEAM = 5UT2MG9LM9;
				GENERATE_INFOPLIST_FILE = YES;
				MARKETING_VERSION = 1.0;
				PRODUCT_BUNDLE_IDENTIFIER = uk.co.AkibMakesApps.CleanArchitectureDemoAppUITests;
				PRODUCT_NAME = "$(TARGET_NAME)";
				STRING_CATALOG_GENERATE_SYMBOLS = NO;
				SWIFT_APPROACHABLE_CONCURRENCY = YES;
				SWIFT_EMIT_LOC_STRINGS = NO;
				SWIFT_UPCOMING_FEATURE_MEMBER_IMPORT_VISIBILITY = YES;
				SWIFT_VERSION = 5.0;
				TARGETED_DEVICE_FAMILY = "1,2";
				TEST_TARGET_NAME = CleanArchitectureDemoApp;
			};
			name = Debug;
		};
		E1C8B2912F604C2300367861 /* Release */ = {
			isa = XCBuildConfiguration;
			buildSettings = {
				CODE_SIGN_STYLE = Automatic;
				CURRENT_PROJECT_VERSION = 1;
				DEVELOPMENT_TEAM = 5UT2MG9LM9;
				GENERATE_INFOPLIST_FILE = YES;
				MARKETING_VERSION = 1.0;
				PRODUCT_BUNDLE_IDENTIFIER = uk.co.AkibMakesApps.CleanArchitectureDemoAppUITests;
				PRODUCT_NAME = "$(TARGET_NAME)";
				STRING_CATALOG_GENERATE_SYMBOLS = NO;
				SWIFT_APPROACHABLE_CONCURRENCY = YES;
				SWIFT_EMIT_LOC_STRINGS = NO;
				SWIFT_UPCOMING_FEATURE_MEMBER_IMPORT_VISIBILITY = YES;
				SWIFT_VERSION = 5.0;
				TARGETED_DEVICE_FAMILY = "1,2";
				TEST_TARGET_NAME = CleanArchitectureDemoApp;
			};
			name = Release;
		};
/* End XCBuildConfiguration section */

/* Begin XCConfigurationList section */
		E1C8B2612F604C2100367861 /* Build configuration list for PBXProject "CleanArchitectureDemoApp" */ = {
			isa = XCConfigurationList;
			buildConfigurations = (
				E1C8B2872F604C2300367861 /* Debug */,
				E1C8B2882F604C2300367861 /* Release */,
			);
			defaultConfigurationIsVisible = 0;
			defaultConfigurationName = Release;
		};
		E1C8B2892F604C2300367861 /* Build configuration list for PBXNativeTarget "CleanArchitectureDemoApp" */ = {
			isa = XCConfigurationList;
			buildConfigurations = (
				E1C8B28A2F604C2300367861 /* Debug */,
				E1C8B28B2F604C2300367861 /* Release */,
			);
			defaultConfigurationIsVisible = 0;
			defaultConfigurationName = Release;
		};
		E1C8B28C2F604C2300367861 /* Build configuration list for PBXNativeTarget "CleanArchitectureDemoAppTests" */ = {
			isa = XCConfigurationList;
			buildConfigurations = (
				E1C8B28D2F604C2300367861 /* Debug */,
				E1C8B28E2F604C2300367861 /* Release */,
			);
			defaultConfigurationIsVisible = 0;
			defaultConfigurationName = Release;
		};
		E1C8B28F2F604C2300367861 /* Build configuration list for PBXNativeTarget "CleanArchitectureDemoAppUITests" */ = {
			isa = XCConfigurationList;
			buildConfigurations = (
				E1C8B2902F604C2300367861 /* Debug */,
				E1C8B2912F604C2300367861 /* Release */,
			);
			defaultConfigurationIsVisible = 0;
			defaultConfigurationName = Release;
		};
/* End XCConfigurationList section */
	};
	rootObject = E1C8B25E2F604C2100367861 /* Project object */;
}
